
Microsoft Visual Studio Solution File, Format Version 12.00
# Visual Studio 15
VisualStudioVersion = 15.0.26403.7
MinimumVisualStudioVersion = 10.0.40219.1
Project("{FAE04EC0-301F-11D3-BF4B-00C04F79EFBC}") = "HelloWorldAPI", "HelloWorldAPI\HelloWorldAPI.csproj", "{10FA9DD0-635C-419E-9736-340A243924DE}"
EndProject
Project("{FAE04EC0-301F-11D3-BF4B-00C04F79EFBC}") = "HelloWorldModels", "HelloWorldModels\HelloWorldModels.csproj", "{4BAEFEA3-97B7-4AC9-90D6-20062CD428D2}"
EndProject
Project("{FAE04EC0-301F-11D3-BF4B-00C04F79EFBC}") = "HelloWorldConsole", "HelloWorldConsole\HelloWorldConsole.csproj", "{9C274CE6-770B-46AA-AFCA-283F77518E59}"
EndProject
Global
	GlobalSection(SolutionConfigurationPlatforms) = preSolution
		Debug|Any CPU = Debug|Any CPU
		Release|Any CPU = Release|Any CPU
	EndGlobalSection
	GlobalSection(ProjectConfigurationPlatforms) = postSolution
		{10FA9DD0-635C-419E-9736-340A243924DE}.Debug|Any CPU.ActiveCfg = Debug|Any CPU
		{10FA9DD0-635C-419E-9736-340A243924DE}.Debug|Any CPU.Build.0 = Debug|Any CPU
		{10FA9DD0-635C-419E-9736-340A243924DE}.Release|Any CPU.ActiveCfg = Release|Any CPU
		{10FA9DD0-635C-419E-9736-340A243924DE}.Release|Any CPU.Build.0 = Release|Any CPU
		{4BAEFEA3-97B7-4AC9-90D6-20062CD428D2}.Debug|Any CPU.ActiveCfg = Debug|Any CPU
		{4BAEFEA3-97B7-4AC9-90D6-20062CD428D2}.Debug|Any CPU.Build.0 = Debug|Any CPU
		{4BAEFEA3-97B7-4AC9-90D6-20062CD428D2}.Release|Any CPU.ActiveCfg = Release|Any CPU
		{4BAEFEA3-97B7-4AC9-90D6-20062CD428D2}.Release|Any CPU.Build.0 = Release|Any CPU
		{9C274CE6-770B-46AA-AFCA-283F77518E59}.Debug|Any CPU.ActiveCfg = Debug|Any CPU
		{9C274CE6-770B-46AA-AFCA-283F77518E59}.Debug|Any CPU.Build.0 = Debug|Any CPU
		{9C274CE6-770B-46AA-AFCA-283F77518E59}.Release|Any CPU.ActiveCfg = Release|Any CPU
		{9C274CE6-770B-46AA-AFCA-283F77518E59}.Release|Any CPU.Build.0 = Release|Any CPU
	EndGlobalSection
	GlobalSection(SolutionProperties) = preSolution
		HideSolutionNode = FALSE
	EndGlobalSection
EndGlobal
