
Microsoft Visual Studio Solution File, Format Version 12.00
# Visual Studio 15
VisualStudioVersion = 15.0.26403.7
MinimumVisualStudioVersion = 10.0.40219.1
Project("{FAE04EC0-301F-11D3-BF4B-00C04F79EFBC}") = "HelloWorldAPI", "HelloWorldAPI\HelloWorldAPI.csproj", "{10FA9DD0-635C-419E-9736-340A243924DE}"
EndProject
Project("{FAE04EC0-301F-11D3-BF4B-00C04F79EFBC}") = "HelloWorldModels", "HelloWorldModels\HelloWorldModels.csproj", "{4BAEFEA3-97B7-4AC9-90D6-20062CD428D2}"
EndProject
Project("{FAE04EC0-301F-11D3-BF4B-00C04F79EFBC}") = "HelloWorldConsole", "HelloWorldConsole\HelloWorldConsole.csproj", "{9C274CE6-770B-46AA-AFCA-283F77518E59}"
EndProject
Project("{2150E333-8FDC-42A3-9474-1A3956D46DE8}") = "API", "API", "{5758EA97-EC61-43E3-A6EA-E075A9BF32C3}"
EndProject
Project("{2150E333-8FDC-42A3-9474-1A3956D46DE8}") = "Console", "Console", "{7447D6D3-F0F0-4249-B092-CDA055F6524A}"
EndProject
Project("{2150E333-8FDC-42A3-9474-1A3956D46DE8}") = "Domain", "Domain", "{818A7166-7CC4-460A-9689-061841D363FB}"
EndProject
Project("{FAE04EC0-301F-11D3-BF4B-00C04F79EFBC}") = "HelloWorldInfrastructure", "HelloWorldInfrastructure\HelloWorldInfrastructure.csproj", "{B946F1C5-25A1-47F4-8863-79231A37D7D8}"
EndProject
Project("{2150E333-8FDC-42A3-9474-1A3956D46DE8}") = "DAL", "DAL", "{D5EC128E-E2E0-406D-8784-D7B383A436CF}"
EndProject
Project("{FAE04EC0-301F-11D3-BF4B-00C04F79EFBC}") = "FileAccess", "FileAccess\FileAccess.csproj", "{4083C7E6-9563-4562-8756-CAEE50E666ED}"
EndProject
Project("{2150E333-8FDC-42A3-9474-1A3956D46DE8}") = "Data", "Data", "{F9C7550D-6D4F-41CE-8FA2-9A5F643916B1}"
	ProjectSection(SolutionItems) = preProject
		Data\HelloWorldMessages.csv = Data\HelloWorldMessages.csv
	EndProjectSection
EndProject
Project("{2150E333-8FDC-42A3-9474-1A3956D46DE8}") = "Solution Items", "Solution Items", "{1B2952FC-1B15-4F56-A842-FD9C0A102DBF}"
	ProjectSection(SolutionItems) = preProject
		..\README.md = ..\README.md
	EndProjectSection
EndProject
Project("{2150E333-8FDC-42A3-9474-1A3956D46DE8}") = "Tests", "Tests", "{9764FFC7-825C-4158-870E-672943A5E741}"
EndProject
Project("{FAE04EC0-301F-11D3-BF4B-00C04F79EFBC}") = "DALTests", "DALTests\DALTests.csproj", "{E40FD9A9-D702-47D1-97A7-455DA0B34D0E}"
EndProject
Project("{FAE04EC0-301F-11D3-BF4B-00C04F79EFBC}") = "APITests", "APITests\APITests.csproj", "{426D6E1F-ABB1-4424-97F6-82AA1591B038}"
EndProject
Global
	GlobalSection(SolutionConfigurationPlatforms) = preSolution
		Debug|Any CPU = Debug|Any CPU
		Release|Any CPU = Release|Any CPU
	EndGlobalSection
	GlobalSection(ProjectConfigurationPlatforms) = postSolution
		{10FA9DD0-635C-419E-9736-340A243924DE}.Debug|Any CPU.ActiveCfg = Debug|Any CPU
		{10FA9DD0-635C-419E-9736-340A243924DE}.Debug|Any CPU.Build.0 = Debug|Any CPU
		{10FA9DD0-635C-419E-9736-340A243924DE}.Release|Any CPU.ActiveCfg = Release|Any CPU
		{10FA9DD0-635C-419E-9736-340A243924DE}.Release|Any CPU.Build.0 = Release|Any CPU
		{4BAEFEA3-97B7-4AC9-90D6-20062CD428D2}.Debug|Any CPU.ActiveCfg = Debug|Any CPU
		{4BAEFEA3-97B7-4AC9-90D6-20062CD428D2}.Debug|Any CPU.Build.0 = Debug|Any CPU
		{4BAEFEA3-97B7-4AC9-90D6-20062CD428D2}.Release|Any CPU.ActiveCfg = Release|Any CPU
		{4BAEFEA3-97B7-4AC9-90D6-20062CD428D2}.Release|Any CPU.Build.0 = Release|Any CPU
		{9C274CE6-770B-46AA-AFCA-283F77518E59}.Debug|Any CPU.ActiveCfg = Debug|Any CPU
		{9C274CE6-770B-46AA-AFCA-283F77518E59}.Debug|Any CPU.Build.0 = Debug|Any CPU
		{9C274CE6-770B-46AA-AFCA-283F77518E59}.Release|Any CPU.ActiveCfg = Release|Any CPU
		{9C274CE6-770B-46AA-AFCA-283F77518E59}.Release|Any CPU.Build.0 = Release|Any CPU
		{B946F1C5-25A1-47F4-8863-79231A37D7D8}.Debug|Any CPU.ActiveCfg = Debug|Any CPU
		{B946F1C5-25A1-47F4-8863-79231A37D7D8}.Debug|Any CPU.Build.0 = Debug|Any CPU
		{B946F1C5-25A1-47F4-8863-79231A37D7D8}.Release|Any CPU.ActiveCfg = Release|Any CPU
		{B946F1C5-25A1-47F4-8863-79231A37D7D8}.Release|Any CPU.Build.0 = Release|Any CPU
		{4083C7E6-9563-4562-8756-CAEE50E666ED}.Debug|Any CPU.ActiveCfg = Debug|Any CPU
		{4083C7E6-9563-4562-8756-CAEE50E666ED}.Debug|Any CPU.Build.0 = Debug|Any CPU
		{4083C7E6-9563-4562-8756-CAEE50E666ED}.Release|Any CPU.ActiveCfg = Release|Any CPU
		{4083C7E6-9563-4562-8756-CAEE50E666ED}.Release|Any CPU.Build.0 = Release|Any CPU
		{E40FD9A9-D702-47D1-97A7-455DA0B34D0E}.Debug|Any CPU.ActiveCfg = Debug|Any CPU
		{E40FD9A9-D702-47D1-97A7-455DA0B34D0E}.Debug|Any CPU.Build.0 = Debug|Any CPU
		{E40FD9A9-D702-47D1-97A7-455DA0B34D0E}.Release|Any CPU.ActiveCfg = Release|Any CPU
		{E40FD9A9-D702-47D1-97A7-455DA0B34D0E}.Release|Any CPU.Build.0 = Release|Any CPU
		{426D6E1F-ABB1-4424-97F6-82AA1591B038}.Debug|Any CPU.ActiveCfg = Debug|Any CPU
		{426D6E1F-ABB1-4424-97F6-82AA1591B038}.Debug|Any CPU.Build.0 = Debug|Any CPU
		{426D6E1F-ABB1-4424-97F6-82AA1591B038}.Release|Any CPU.ActiveCfg = Release|Any CPU
		{426D6E1F-ABB1-4424-97F6-82AA1591B038}.Release|Any CPU.Build.0 = Release|Any CPU
	EndGlobalSection
	GlobalSection(SolutionProperties) = preSolution
		HideSolutionNode = FALSE
	EndGlobalSection
	GlobalSection(NestedProjects) = preSolution
		{10FA9DD0-635C-419E-9736-340A243924DE} = {5758EA97-EC61-43E3-A6EA-E075A9BF32C3}
		{4BAEFEA3-97B7-4AC9-90D6-20062CD428D2} = {818A7166-7CC4-460A-9689-061841D363FB}
		{9C274CE6-770B-46AA-AFCA-283F77518E59} = {7447D6D3-F0F0-4249-B092-CDA055F6524A}
		{B946F1C5-25A1-47F4-8863-79231A37D7D8} = {818A7166-7CC4-460A-9689-061841D363FB}
		{4083C7E6-9563-4562-8756-CAEE50E666ED} = {D5EC128E-E2E0-406D-8784-D7B383A436CF}
		{E40FD9A9-D702-47D1-97A7-455DA0B34D0E} = {9764FFC7-825C-4158-870E-672943A5E741}
		{426D6E1F-ABB1-4424-97F6-82AA1591B038} = {9764FFC7-825C-4158-870E-672943A5E741}
	EndGlobalSection
EndGlobal
